// !$*UTF8*$!
{
	archiveVersion = 1;
	classes = {
	};
	objectVersion = 56;
	objects = {

/* Begin PBXBuildFile section */
		780AA9B02A94DFDD0003B151 /* AYPopupPickerView in Frameworks */ = {isa = PBXBuildFile; productRef = 780AA9AF2A94DFDD0003B151 /* AYPopupPickerView */; };
		7870BC1A2A91696200844001 /* LanguageManager.swift in Sources */ = {isa = PBXBuildFile; fileRef = 7870BC192A91696200844001 /* LanguageManager.swift */; };
		7870BC1E2A91855100844001 /* Extension++Foundation.swift in Sources */ = {isa = PBXBuildFile; fileRef = 7870BC1D2A91855100844001 /* Extension++Foundation.swift */; };
		78BD6FA62A904860008B9101 /* Constants.swift in Sources */ = {isa = PBXBuildFile; fileRef = 78BD6FA52A904860008B9101 /* Constants.swift */; };
		78BD6FA82A90BC43008B9101 /* Extension++UITapGesture.swift in Sources */ = {isa = PBXBuildFile; fileRef = 78BD6FA72A90BC43008B9101 /* Extension++UITapGesture.swift */; };
		78BD6FBF2A90F0D0008B9101 /* Localizable.strings in Resources */ = {isa = PBXBuildFile; fileRef = 78BD6FC12A90F0D0008B9101 /* Localizable.strings */; };
		78EEF2C62A8F7E5600AC83F1 /* AppDelegate.swift in Sources */ = {isa = PBXBuildFile; fileRef = 78EEF2C52A8F7E5600AC83F1 /* AppDelegate.swift */; };
		78EEF2C82A8F7E5600AC83F1 /* SceneDelegate.swift in Sources */ = {isa = PBXBuildFile; fileRef = 78EEF2C72A8F7E5600AC83F1 /* SceneDelegate.swift */; };
		78EEF2CA2A8F7E5600AC83F1 /* RegisterViewController.swift in Sources */ = {isa = PBXBuildFile; fileRef = 78EEF2C92A8F7E5600AC83F1 /* RegisterViewController.swift */; };
		78EEF2CD2A8F7E5600AC83F1 /* Main.storyboard in Resources */ = {isa = PBXBuildFile; fileRef = 78EEF2CB2A8F7E5600AC83F1 /* Main.storyboard */; };
		78EEF2CF2A8F7E5600AC83F1 /* Assets.xcassets in Resources */ = {isa = PBXBuildFile; fileRef = 78EEF2CE2A8F7E5600AC83F1 /* Assets.xcassets */; };
		78EEF2D22A8F7E5600AC83F1 /* LaunchScreen.storyboard in Resources */ = {isa = PBXBuildFile; fileRef = 78EEF2D02A8F7E5600AC83F1 /* LaunchScreen.storyboard */; };
		78EEF2E32A8F80A200AC83F1 /* RequestManager.swift in Sources */ = {isa = PBXBuildFile; fileRef = 78EEF2DA2A8F80A200AC83F1 /* RequestManager.swift */; };
		78EEF2E42A8F80A200AC83F1 /* APIManager.swift in Sources */ = {isa = PBXBuildFile; fileRef = 78EEF2DB2A8F80A200AC83F1 /* APIManager.swift */; };
		78EEF2E52A8F80A200AC83F1 /* DataParser.swift in Sources */ = {isa = PBXBuildFile; fileRef = 78EEF2DC2A8F80A200AC83F1 /* DataParser.swift */; };
		78EEF2E62A8F80A200AC83F1 /* RequestCountry.swift in Sources */ = {isa = PBXBuildFile; fileRef = 78EEF2DE2A8F80A200AC83F1 /* RequestCountry.swift */; };
		78EEF2E72A8F80A200AC83F1 /* APIConstants.swift in Sources */ = {isa = PBXBuildFile; fileRef = 78EEF2DF2A8F80A200AC83F1 /* APIConstants.swift */; };
		78EEF2E82A8F80A200AC83F1 /* RequestProtocol.swift in Sources */ = {isa = PBXBuildFile; fileRef = 78EEF2E02A8F80A200AC83F1 /* RequestProtocol.swift */; };
		78EEF2E92A8F80A200AC83F1 /* RequestType.swift in Sources */ = {isa = PBXBuildFile; fileRef = 78EEF2E12A8F80A200AC83F1 /* RequestType.swift */; };
		78EEF2EA2A8F80A200AC83F1 /* NetworkError.swift in Sources */ = {isa = PBXBuildFile; fileRef = 78EEF2E22A8F80A200AC83F1 /* NetworkError.swift */; };
		78EEF2EC2A8F814D00AC83F1 /* Country.swift in Sources */ = {isa = PBXBuildFile; fileRef = 78EEF2EB2A8F814D00AC83F1 /* Country.swift */; };
		78EEF2EF2A8F886D00AC83F1 /* State.swift in Sources */ = {isa = PBXBuildFile; fileRef = 78EEF2EE2A8F886D00AC83F1 /* State.swift */; };
		78EEF2F12A8F965100AC83F1 /* States.swift in Sources */ = {isa = PBXBuildFile; fileRef = 78EEF2F02A8F965100AC83F1 /* States.swift */; };
		78EEF2F32A8F96D200AC83F1 /* Countries.swift in Sources */ = {isa = PBXBuildFile; fileRef = 78EEF2F22A8F96D200AC83F1 /* Countries.swift */; };
		78EEF2F72A8F9B9E00AC83F1 /* GE Dinar One Medium.ttf in Resources */ = {isa = PBXBuildFile; fileRef = 78EEF2F52A8F9B9E00AC83F1 /* GE Dinar One Medium.ttf */; };
		78EEF2F82A8F9B9E00AC83F1 /* Montserrat-Regular.ttf in Resources */ = {isa = PBXBuildFile; fileRef = 78EEF2F62A8F9B9E00AC83F1 /* Montserrat-Regular.ttf */; };
		78EF53742A93BDA1003FDA52 /* RegisterTextField.swift in Sources */ = {isa = PBXBuildFile; fileRef = 78EF53732A93BDA1003FDA52 /* RegisterTextField.swift */; };
		78EF53762A93BF57003FDA52 /* InputRegisterTextField.swift in Sources */ = {isa = PBXBuildFile; fileRef = 78EF53752A93BF57003FDA52 /* InputRegisterTextField.swift */; };
		78EF53792A93C941003FDA52 /* ClickableLabel.swift in Sources */ = {isa = PBXBuildFile; fileRef = 78EF53782A93C941003FDA52 /* ClickableLabel.swift */; };
		78EF537B2A93D6A7003FDA52 /* Extension++UIView.swift in Sources */ = {isa = PBXBuildFile; fileRef = 78EF537A2A93D6A7003FDA52 /* Extension++UIView.swift */; };
/* End PBXBuildFile section */

/* Begin PBXFileReference section */
		7870BC192A91696200844001 /* LanguageManager.swift */ = {isa = PBXFileReference; lastKnownFileType = sourcecode.swift; path = LanguageManager.swift; sourceTree = "<group>"; };
		7870BC1D2A91855100844001 /* Extension++Foundation.swift */ = {isa = PBXFileReference; lastKnownFileType = sourcecode.swift; path = "Extension++Foundation.swift"; sourceTree = "<group>"; };
		78BD6FA52A904860008B9101 /* Constants.swift */ = {isa = PBXFileReference; lastKnownFileType = sourcecode.swift; path = Constants.swift; sourceTree = "<group>"; };
		78BD6FA72A90BC43008B9101 /* Extension++UITapGesture.swift */ = {isa = PBXFileReference; lastKnownFileType = sourcecode.swift; path = "Extension++UITapGesture.swift"; sourceTree = "<group>"; };
		78BD6FAA2A90E4FC008B9101 /* ar */ = {isa = PBXFileReference; lastKnownFileType = text.plist.strings; name = ar; path = ar.lproj/LaunchScreen.strings; sourceTree = "<group>"; };
		78BD6FAC2A90E537008B9101 /* en */ = {isa = PBXFileReference; lastKnownFileType = text.plist.strings; name = en; path = en.lproj/Main.strings; sourceTree = "<group>"; };
		78BD6FB42A90EB76008B9101 /* ar */ = {isa = PBXFileReference; lastKnownFileType = text.plist.strings; name = ar; path = ar.lproj/Main.strings; sourceTree = "<group>"; };
		78BD6FC02A90F0D0008B9101 /* ar */ = {isa = PBXFileReference; lastKnownFileType = text.plist.strings; name = ar; path = ar.lproj/Localizable.strings; sourceTree = "<group>"; };
		78BD6FC22A90F0D7008B9101 /* en */ = {isa = PBXFileReference; lastKnownFileType = text.plist.strings; name = en; path = en.lproj/Localizable.strings; sourceTree = "<group>"; };
		78EEF2C22A8F7E5600AC83F1 /* Register.app */ = {isa = PBXFileReference; explicitFileType = wrapper.application; includeInIndex = 0; path = Register.app; sourceTree = BUILT_PRODUCTS_DIR; };
		78EEF2C52A8F7E5600AC83F1 /* AppDelegate.swift */ = {isa = PBXFileReference; lastKnownFileType = sourcecode.swift; path = AppDelegate.swift; sourceTree = "<group>"; };
		78EEF2C72A8F7E5600AC83F1 /* SceneDelegate.swift */ = {isa = PBXFileReference; lastKnownFileType = sourcecode.swift; path = SceneDelegate.swift; sourceTree = "<group>"; };
		78EEF2C92A8F7E5600AC83F1 /* RegisterViewController.swift */ = {isa = PBXFileReference; lastKnownFileType = sourcecode.swift; path = RegisterViewController.swift; sourceTree = "<group>"; };
		78EEF2CC2A8F7E5600AC83F1 /* Base */ = {isa = PBXFileReference; lastKnownFileType = file.storyboard; name = Base; path = Base.lproj/Main.storyboard; sourceTree = "<group>"; };
		78EEF2CE2A8F7E5600AC83F1 /* Assets.xcassets */ = {isa = PBXFileReference; lastKnownFileType = folder.assetcatalog; path = Assets.xcassets; sourceTree = "<group>"; };
		78EEF2D12A8F7E5600AC83F1 /* Base */ = {isa = PBXFileReference; lastKnownFileType = file.storyboard; name = Base; path = Base.lproj/LaunchScreen.storyboard; sourceTree = "<group>"; };
		78EEF2D32A8F7E5600AC83F1 /* Info.plist */ = {isa = PBXFileReference; lastKnownFileType = text.plist.xml; path = Info.plist; sourceTree = "<group>"; };
		78EEF2DA2A8F80A200AC83F1 /* RequestManager.swift */ = {isa = PBXFileReference; fileEncoding = 4; lastKnownFileType = sourcecode.swift; path = RequestManager.swift; sourceTree = "<group>"; };
		78EEF2DB2A8F80A200AC83F1 /* APIManager.swift */ = {isa = PBXFileReference; fileEncoding = 4; lastKnownFileType = sourcecode.swift; path = APIManager.swift; sourceTree = "<group>"; };
		78EEF2DC2A8F80A200AC83F1 /* DataParser.swift */ = {isa = PBXFileReference; fileEncoding = 4; lastKnownFileType = sourcecode.swift; path = DataParser.swift; sourceTree = "<group>"; };
		78EEF2DE2A8F80A200AC83F1 /* RequestCountry.swift */ = {isa = PBXFileReference; fileEncoding = 4; lastKnownFileType = sourcecode.swift; path = RequestCountry.swift; sourceTree = "<group>"; };
		78EEF2DF2A8F80A200AC83F1 /* APIConstants.swift */ = {isa = PBXFileReference; fileEncoding = 4; lastKnownFileType = sourcecode.swift; path = APIConstants.swift; sourceTree = "<group>"; };
		78EEF2E02A8F80A200AC83F1 /* RequestProtocol.swift */ = {isa = PBXFileReference; fileEncoding = 4; lastKnownFileType = sourcecode.swift; path = RequestProtocol.swift; sourceTree = "<group>"; };
		78EEF2E12A8F80A200AC83F1 /* RequestType.swift */ = {isa = PBXFileReference; fileEncoding = 4; lastKnownFileType = sourcecode.swift; path = RequestType.swift; sourceTree = "<group>"; };
		78EEF2E22A8F80A200AC83F1 /* NetworkError.swift */ = {isa = PBXFileReference; fileEncoding = 4; lastKnownFileType = sourcecode.swift; path = NetworkError.swift; sourceTree = "<group>"; };
		78EEF2EB2A8F814D00AC83F1 /* Country.swift */ = {isa = PBXFileReference; lastKnownFileType = sourcecode.swift; path = Country.swift; sourceTree = "<group>"; };
		78EEF2EE2A8F886D00AC83F1 /* State.swift */ = {isa = PBXFileReference; lastKnownFileType = sourcecode.swift; path = State.swift; sourceTree = "<group>"; };
		78EEF2F02A8F965100AC83F1 /* States.swift */ = {isa = PBXFileReference; lastKnownFileType = sourcecode.swift; path = States.swift; sourceTree = "<group>"; };
		78EEF2F22A8F96D200AC83F1 /* Countries.swift */ = {isa = PBXFileReference; lastKnownFileType = sourcecode.swift; path = Countries.swift; sourceTree = "<group>"; };
		78EEF2F52A8F9B9E00AC83F1 /* GE Dinar One Medium.ttf */ = {isa = PBXFileReference; lastKnownFileType = file; path = "GE Dinar One Medium.ttf"; sourceTree = "<group>"; };
		78EEF2F62A8F9B9E00AC83F1 /* Montserrat-Regular.ttf */ = {isa = PBXFileReference; lastKnownFileType = file; path = "Montserrat-Regular.ttf"; sourceTree = "<group>"; };
		78EF53732A93BDA1003FDA52 /* RegisterTextField.swift */ = {isa = PBXFileReference; lastKnownFileType = sourcecode.swift; path = RegisterTextField.swift; sourceTree = "<group>"; };
		78EF53752A93BF57003FDA52 /* InputRegisterTextField.swift */ = {isa = PBXFileReference; lastKnownFileType = sourcecode.swift; path = InputRegisterTextField.swift; sourceTree = "<group>"; };
		78EF53782A93C941003FDA52 /* ClickableLabel.swift */ = {isa = PBXFileReference; lastKnownFileType = sourcecode.swift; path = ClickableLabel.swift; sourceTree = "<group>"; };
		78EF537A2A93D6A7003FDA52 /* Extension++UIView.swift */ = {isa = PBXFileReference; lastKnownFileType = sourcecode.swift; path = "Extension++UIView.swift"; sourceTree = "<group>"; };
/* End PBXFileReference section */

/* Begin PBXFrameworksBuildPhase section */
		78EEF2BF2A8F7E5600AC83F1 /* Frameworks */ = {
			isa = PBXFrameworksBuildPhase;
			buildActionMask = 2147483647;
			files = (
				780AA9B02A94DFDD0003B151 /* AYPopupPickerView in Frameworks */,
			);
			runOnlyForDeploymentPostprocessing = 0;
		};
/* End PBXFrameworksBuildPhase section */

/* Begin PBXGroup section */
		7870BC1B2A916BD000844001 /* Extensions */ = {
			isa = PBXGroup;
			children = (
				78EF537A2A93D6A7003FDA52 /* Extension++UIView.swift */,
				7870BC1D2A91855100844001 /* Extension++Foundation.swift */,
				78BD6FA72A90BC43008B9101 /* Extension++UITapGesture.swift */,
			);
			path = Extensions;
			sourceTree = "<group>";
		};
		7870BC1C2A916D4400844001 /* Models */ = {
			isa = PBXGroup;
			children = (
				78EEF2F02A8F965100AC83F1 /* States.swift */,
				78EEF2F22A8F96D200AC83F1 /* Countries.swift */,
				78EEF2EB2A8F814D00AC83F1 /* Country.swift */,
				78EEF2EE2A8F886D00AC83F1 /* State.swift */,
			);
			path = Models;
			sourceTree = "<group>";
		};
		78EEF2B92A8F7E5500AC83F1 = {
			isa = PBXGroup;
			children = (
				78EEF2C42A8F7E5600AC83F1 /* Register */,
				78EEF2C32A8F7E5600AC83F1 /* Products */,
			);
			sourceTree = "<group>";
		};
		78EEF2C32A8F7E5600AC83F1 /* Products */ = {
			isa = PBXGroup;
			children = (
				78EEF2C22A8F7E5600AC83F1 /* Register.app */,
			);
			name = Products;
			sourceTree = "<group>";
		};
		78EEF2C42A8F7E5600AC83F1 /* Register */ = {
			isa = PBXGroup;
			children = (
				78EEF2C92A8F7E5600AC83F1 /* RegisterViewController.swift */,
				78EF53772A93BF6A003FDA52 /* Views */,
				7870BC192A91696200844001 /* LanguageManager.swift */,
				78BD6FA52A904860008B9101 /* Constants.swift */,
				78EEF2CB2A8F7E5600AC83F1 /* Main.storyboard */,
				78EEF2CE2A8F7E5600AC83F1 /* Assets.xcassets */,
				7870BC1C2A916D4400844001 /* Models */,
				7870BC1B2A916BD000844001 /* Extensions */,
				78EEF2D92A8F80A200AC83F1 /* API */,
				78EEF2ED2A8F815E00AC83F1 /* Supporting files */,
				78EEF2F42A8F9B6A00AC83F1 /* Fonts */,
				78EEF2D32A8F7E5600AC83F1 /* Info.plist */,
				78BD6FC12A90F0D0008B9101 /* Localizable.strings */,
			);
			path = Register;
			sourceTree = "<group>";
		};
		78EEF2D92A8F80A200AC83F1 /* API */ = {
			isa = PBXGroup;
			children = (
				78EEF2DA2A8F80A200AC83F1 /* RequestManager.swift */,
				78EEF2DB2A8F80A200AC83F1 /* APIManager.swift */,
				78EEF2DC2A8F80A200AC83F1 /* DataParser.swift */,
				78EEF2E22A8F80A200AC83F1 /* NetworkError.swift */,
				78EEF2DD2A8F80A200AC83F1 /* request */,
			);
			path = API;
			sourceTree = "<group>";
		};
		78EEF2DD2A8F80A200AC83F1 /* request */ = {
			isa = PBXGroup;
			children = (
				78EEF2DE2A8F80A200AC83F1 /* RequestCountry.swift */,
				78EEF2DF2A8F80A200AC83F1 /* APIConstants.swift */,
				78EEF2E02A8F80A200AC83F1 /* RequestProtocol.swift */,
				78EEF2E12A8F80A200AC83F1 /* RequestType.swift */,
			);
			path = request;
			sourceTree = "<group>";
		};
		78EEF2ED2A8F815E00AC83F1 /* Supporting files */ = {
			isa = PBXGroup;
			children = (
				78EEF2C52A8F7E5600AC83F1 /* AppDelegate.swift */,
				78EEF2C72A8F7E5600AC83F1 /* SceneDelegate.swift */,
				78EEF2D02A8F7E5600AC83F1 /* LaunchScreen.storyboard */,
			);
			path = "Supporting files";
			sourceTree = "<group>";
		};
		78EEF2F42A8F9B6A00AC83F1 /* Fonts */ = {
			isa = PBXGroup;
			children = (
				78EEF2F52A8F9B9E00AC83F1 /* GE Dinar One Medium.ttf */,
				78EEF2F62A8F9B9E00AC83F1 /* Montserrat-Regular.ttf */,
			);
			path = Fonts;
			sourceTree = "<group>";
		};
		78EF53772A93BF6A003FDA52 /* Views */ = {
			isa = PBXGroup;
			children = (
				78EF53782A93C941003FDA52 /* ClickableLabel.swift */,
				78EF53752A93BF57003FDA52 /* InputRegisterTextField.swift */,
				78EF53732A93BDA1003FDA52 /* RegisterTextField.swift */,
			);
			path = Views;
			sourceTree = "<group>";
		};
/* End PBXGroup section */

/* Begin PBXNativeTarget section */
		78EEF2C12A8F7E5600AC83F1 /* Register */ = {
			isa = PBXNativeTarget;
			buildConfigurationList = 78EEF2D62A8F7E5600AC83F1 /* Build configuration list for PBXNativeTarget "Register" */;
			buildPhases = (
				78EEF2BE2A8F7E5600AC83F1 /* Sources */,
				78EEF2BF2A8F7E5600AC83F1 /* Frameworks */,
				78EEF2C02A8F7E5600AC83F1 /* Resources */,
			);
			buildRules = (
			);
			dependencies = (
			);
			name = Register;
			packageProductDependencies = (
				780AA9AF2A94DFDD0003B151 /* AYPopupPickerView */,
			);
			productName = Register;
			productReference = 78EEF2C22A8F7E5600AC83F1 /* Register.app */;
			productType = "com.apple.product-type.application";
		};
/* End PBXNativeTarget section */

/* Begin PBXProject section */
		78EEF2BA2A8F7E5500AC83F1 /* Project object */ = {
			isa = PBXProject;
			attributes = {
				BuildIndependentTargetsInParallel = 1;
				LastSwiftUpdateCheck = 1430;
				LastUpgradeCheck = 1430;
				TargetAttributes = {
					78EEF2C12A8F7E5600AC83F1 = {
						CreatedOnToolsVersion = 14.3.1;
					};
				};
			};
			buildConfigurationList = 78EEF2BD2A8F7E5500AC83F1 /* Build configuration list for PBXProject "Register" */;
			compatibilityVersion = "Xcode 14.0";
			developmentRegion = en;
			hasScannedForEncodings = 0;
			knownRegions = (
				en,
				Base,
				ar,
			);
			mainGroup = 78EEF2B92A8F7E5500AC83F1;
			packageReferences = (
				780AA9AE2A94DFDD0003B151 /* XCRemoteSwiftPackageReference "AYPopupPickerView" */,
			);
			productRefGroup = 78EEF2C32A8F7E5600AC83F1 /* Products */;
			projectDirPath = "";
			projectRoot = "";
			targets = (
				78EEF2C12A8F7E5600AC83F1 /* Register */,
			);
		};
/* End PBXProject section */

/* Begin PBXResourcesBuildPhase section */
		78EEF2C02A8F7E5600AC83F1 /* Resources */ = {
			isa = PBXResourcesBuildPhase;
			buildActionMask = 2147483647;
			files = (
				78EEF2F72A8F9B9E00AC83F1 /* GE Dinar One Medium.ttf in Resources */,
				78BD6FBF2A90F0D0008B9101 /* Localizable.strings in Resources */,
				78EEF2D22A8F7E5600AC83F1 /* LaunchScreen.storyboard in Resources */,
				78EEF2CF2A8F7E5600AC83F1 /* Assets.xcassets in Resources */,
				78EEF2F82A8F9B9E00AC83F1 /* Montserrat-Regular.ttf in Resources */,
				78EEF2CD2A8F7E5600AC83F1 /* Main.storyboard in Resources */,
			);
			runOnlyForDeploymentPostprocessing = 0;
		};
/* End PBXResourcesBuildPhase section */

/* Begin PBXSourcesBuildPhase section */
		78EEF2BE2A8F7E5600AC83F1 /* Sources */ = {
			isa = PBXSourcesBuildPhase;
			buildActionMask = 2147483647;
			files = (
				7870BC1E2A91855100844001 /* Extension++Foundation.swift in Sources */,
				78EEF2E82A8F80A200AC83F1 /* RequestProtocol.swift in Sources */,
				78EF537B2A93D6A7003FDA52 /* Extension++UIView.swift in Sources */,
				78EEF2CA2A8F7E5600AC83F1 /* RegisterViewController.swift in Sources */,
				78EEF2C62A8F7E5600AC83F1 /* AppDelegate.swift in Sources */,
				7870BC1A2A91696200844001 /* LanguageManager.swift in Sources */,
				78EEF2E52A8F80A200AC83F1 /* DataParser.swift in Sources */,
				78EEF2EC2A8F814D00AC83F1 /* Country.swift in Sources */,
				78EEF2E62A8F80A200AC83F1 /* RequestCountry.swift in Sources */,
				78EEF2E72A8F80A200AC83F1 /* APIConstants.swift in Sources */,
				78EF53762A93BF57003FDA52 /* InputRegisterTextField.swift in Sources */,
				78BD6FA62A904860008B9101 /* Constants.swift in Sources */,
				78EEF2E42A8F80A200AC83F1 /* APIManager.swift in Sources */,
				78EEF2C82A8F7E5600AC83F1 /* SceneDelegate.swift in Sources */,
				78EF53792A93C941003FDA52 /* ClickableLabel.swift in Sources */,
				78EF53742A93BDA1003FDA52 /* RegisterTextField.swift in Sources */,
				78EEF2F12A8F965100AC83F1 /* States.swift in Sources */,
				78BD6FA82A90BC43008B9101 /* Extension++UITapGesture.swift in Sources */,
				78EEF2EF2A8F886D00AC83F1 /* State.swift in Sources */,
				78EEF2E32A8F80A200AC83F1 /* RequestManager.swift in Sources */,
				78EEF2EA2A8F80A200AC83F1 /* NetworkError.swift in Sources */,
				78EEF2F32A8F96D200AC83F1 /* Countries.swift in Sources */,
				78EEF2E92A8F80A200AC83F1 /* RequestType.swift in Sources */,
			);
			runOnlyForDeploymentPostprocessing = 0;
		};
/* End PBXSourcesBuildPhase section */

/* Begin PBXVariantGroup section */
		78BD6FC12A90F0D0008B9101 /* Localizable.strings */ = {
			isa = PBXVariantGroup;
			children = (
				78BD6FC02A90F0D0008B9101 /* ar */,
				78BD6FC22A90F0D7008B9101 /* en */,
			);
			name = Localizable.strings;
			sourceTree = "<group>";
		};
		78EEF2CB2A8F7E5600AC83F1 /* Main.storyboard */ = {
			isa = PBXVariantGroup;
			children = (
				78EEF2CC2A8F7E5600AC83F1 /* Base */,
				78BD6FAC2A90E537008B9101 /* en */,
				78BD6FB42A90EB76008B9101 /* ar */,
			);
			name = Main.storyboard;
			sourceTree = "<group>";
		};
		78EEF2D02A8F7E5600AC83F1 /* LaunchScreen.storyboard */ = {
			isa = PBXVariantGroup;
			children = (
				78EEF2D12A8F7E5600AC83F1 /* Base */,
				78BD6FAA2A90E4FC008B9101 /* ar */,
			);
			name = LaunchScreen.storyboard;
			sourceTree = "<group>";
		};
/* End PBXVariantGroup section */

/* Begin XCBuildConfiguration section */
		78EEF2D42A8F7E5600AC83F1 /* Debug */ = {
			isa = XCBuildConfiguration;
			buildSettings = {
				ALWAYS_SEARCH_USER_PATHS = NO;
				CLANG_ANALYZER_LOCALIZABILITY_NONLOCALIZED = YES;
				CLANG_ANALYZER_NONNULL = YES;
				CLANG_ANALYZER_NUMBER_OBJECT_CONVERSION = YES_AGGRESSIVE;
				CLANG_CXX_LANGUAGE_STANDARD = "gnu++20";
				CLANG_ENABLE_MODULES = YES;
				CLANG_ENABLE_OBJC_ARC = YES;
				CLANG_ENABLE_OBJC_WEAK = YES;
				CLANG_WARN_BLOCK_CAPTURE_AUTORELEASING = YES;
				CLANG_WARN_BOOL_CONVERSION = YES;
				CLANG_WARN_COMMA = YES;
				CLANG_WARN_CONSTANT_CONVERSION = YES;
				CLANG_WARN_DEPRECATED_OBJC_IMPLEMENTATIONS = YES;
				CLANG_WARN_DIRECT_OBJC_ISA_USAGE = YES_ERROR;
				CLANG_WARN_DOCUMENTATION_COMMENTS = YES;
				CLANG_WARN_EMPTY_BODY = YES;
				CLANG_WARN_ENUM_CONVERSION = YES;
				CLANG_WARN_INFINITE_RECURSION = YES;
				CLANG_WARN_INT_CONVERSION = YES;
				CLANG_WARN_NON_LITERAL_NULL_CONVERSION = YES;
				CLANG_WARN_OBJC_IMPLICIT_RETAIN_SELF = YES;
				CLANG_WARN_OBJC_LITERAL_CONVERSION = YES;
				CLANG_WARN_OBJC_ROOT_CLASS = YES_ERROR;
				CLANG_WARN_QUOTED_INCLUDE_IN_FRAMEWORK_HEADER = YES;
				CLANG_WARN_RANGE_LOOP_ANALYSIS = YES;
				CLANG_WARN_STRICT_PROTOTYPES = YES;
				CLANG_WARN_SUSPICIOUS_MOVE = YES;
				CLANG_WARN_UNGUARDED_AVAILABILITY = YES_AGGRESSIVE;
				CLANG_WARN_UNREACHABLE_CODE = YES;
				CLANG_WARN__DUPLICATE_METHOD_MATCH = YES;
				COPY_PHASE_STRIP = NO;
				DEBUG_INFORMATION_FORMAT = dwarf;
				ENABLE_STRICT_OBJC_MSGSEND = YES;
				ENABLE_TESTABILITY = YES;
				GCC_C_LANGUAGE_STANDARD = gnu11;
				GCC_DYNAMIC_NO_PIC = NO;
				GCC_NO_COMMON_BLOCKS = YES;
				GCC_OPTIMIZATION_LEVEL = 0;
				GCC_PREPROCESSOR_DEFINITIONS = (
					"DEBUG=1",
					"$(inherited)",
				);
				GCC_WARN_64_TO_32_BIT_CONVERSION = YES;
				GCC_WARN_ABOUT_RETURN_TYPE = YES_ERROR;
				GCC_WARN_UNDECLARED_SELECTOR = YES;
				GCC_WARN_UNINITIALIZED_AUTOS = YES_AGGRESSIVE;
				GCC_WARN_UNUSED_FUNCTION = YES;
				GCC_WARN_UNUSED_VARIABLE = YES;
				IPHONEOS_DEPLOYMENT_TARGET = 16.4;
				MTL_ENABLE_DEBUG_INFO = INCLUDE_SOURCE;
				MTL_FAST_MATH = YES;
				ONLY_ACTIVE_ARCH = YES;
				SDKROOT = iphoneos;
				SWIFT_ACTIVE_COMPILATION_CONDITIONS = DEBUG;
				SWIFT_OPTIMIZATION_LEVEL = "-Onone";
			};
			name = Debug;
		};
		78EEF2D52A8F7E5600AC83F1 /* Release */ = {
			isa = XCBuildConfiguration;
			buildSettings = {
				ALWAYS_SEARCH_USER_PATHS = NO;
				CLANG_ANALYZER_LOCALIZABILITY_NONLOCALIZED = YES;
				CLANG_ANALYZER_NONNULL = YES;
				CLANG_ANALYZER_NUMBER_OBJECT_CONVERSION = YES_AGGRESSIVE;
				CLANG_CXX_LANGUAGE_STANDARD = "gnu++20";
				CLANG_ENABLE_MODULES = YES;
				CLANG_ENABLE_OBJC_ARC = YES;
				CLANG_ENABLE_OBJC_WEAK = YES;
				CLANG_WARN_BLOCK_CAPTURE_AUTORELEASING = YES;
				CLANG_WARN_BOOL_CONVERSION = YES;
				CLANG_WARN_COMMA = YES;
				CLANG_WARN_CONSTANT_CONVERSION = YES;
				CLANG_WARN_DEPRECATED_OBJC_IMPLEMENTATIONS = YES;
				CLANG_WARN_DIRECT_OBJC_ISA_USAGE = YES_ERROR;
				CLANG_WARN_DOCUMENTATION_COMMENTS = YES;
				CLANG_WARN_EMPTY_BODY = YES;
				CLANG_WARN_ENUM_CONVERSION = YES;
				CLANG_WARN_INFINITE_RECURSION = YES;
				CLANG_WARN_INT_CONVERSION = YES;
				CLANG_WARN_NON_LITERAL_NULL_CONVERSION = YES;
				CLANG_WARN_OBJC_IMPLICIT_RETAIN_SELF = YES;
				CLANG_WARN_OBJC_LITERAL_CONVERSION = YES;
				CLANG_WARN_OBJC_ROOT_CLASS = YES_ERROR;
				CLANG_WARN_QUOTED_INCLUDE_IN_FRAMEWORK_HEADER = YES;
				CLANG_WARN_RANGE_LOOP_ANALYSIS = YES;
				CLANG_WARN_STRICT_PROTOTYPES = YES;
				CLANG_WARN_SUSPICIOUS_MOVE = YES;
				CLANG_WARN_UNGUARDED_AVAILABILITY = YES_AGGRESSIVE;
				CLANG_WARN_UNREACHABLE_CODE = YES;
				CLANG_WARN__DUPLICATE_METHOD_MATCH = YES;
				COPY_PHASE_STRIP = NO;
				DEBUG_INFORMATION_FORMAT = "dwarf-with-dsym";
				ENABLE_NS_ASSERTIONS = NO;
				ENABLE_STRICT_OBJC_MSGSEND = YES;
				GCC_C_LANGUAGE_STANDARD = gnu11;
				GCC_NO_COMMON_BLOCKS = YES;
				GCC_WARN_64_TO_32_BIT_CONVERSION = YES;
				GCC_WARN_ABOUT_RETURN_TYPE = YES_ERROR;
				GCC_WARN_UNDECLARED_SELECTOR = YES;
				GCC_WARN_UNINITIALIZED_AUTOS = YES_AGGRESSIVE;
				GCC_WARN_UNUSED_FUNCTION = YES;
				GCC_WARN_UNUSED_VARIABLE = YES;
				IPHONEOS_DEPLOYMENT_TARGET = 16.4;
				MTL_ENABLE_DEBUG_INFO = NO;
				MTL_FAST_MATH = YES;
				SDKROOT = iphoneos;
				SWIFT_COMPILATION_MODE = wholemodule;
				SWIFT_OPTIMIZATION_LEVEL = "-O";
				VALIDATE_PRODUCT = YES;
			};
			name = Release;
		};
		78EEF2D72A8F7E5600AC83F1 /* Debug */ = {
			isa = XCBuildConfiguration;
			buildSettings = {
				ASSETCATALOG_COMPILER_APPICON_NAME = AppIcon;
				ASSETCATALOG_COMPILER_GLOBAL_ACCENT_COLOR_NAME = AccentColor;
				CODE_SIGN_STYLE = Automatic;
				CURRENT_PROJECT_VERSION = 1;
				DEVELOPMENT_TEAM = SL788Y2E33;
				GENERATE_INFOPLIST_FILE = YES;
				INFOPLIST_FILE = Register/Info.plist;
				INFOPLIST_KEY_UIApplicationSupportsIndirectInputEvents = YES;
				INFOPLIST_KEY_UILaunchStoryboardName = LaunchScreen;
				INFOPLIST_KEY_UIMainStoryboardFile = Main;
				INFOPLIST_KEY_UISupportedInterfaceOrientations_iPad = "UIInterfaceOrientationPortrait UIInterfaceOrientationPortraitUpsideDown UIInterfaceOrientationLandscapeLeft UIInterfaceOrientationLandscapeRight";
				INFOPLIST_KEY_UISupportedInterfaceOrientations_iPhone = "UIInterfaceOrientationPortrait UIInterfaceOrientationLandscapeLeft UIInterfaceOrientationLandscapeRight";
				LD_RUNPATH_SEARCH_PATHS = (
					"$(inherited)",
					"@executable_path/Frameworks",
				);
				MARKETING_VERSION = 1.0;
				PRODUCT_BUNDLE_IDENTIFIER = com.niceApps.SideTest.Register;
				PRODUCT_NAME = "$(TARGET_NAME)";
				SWIFT_EMIT_LOC_STRINGS = YES;
				SWIFT_VERSION = 5.0;
				TARGETED_DEVICE_FAMILY = "1,2";
			};
			name = Debug;
		};
		78EEF2D82A8F7E5600AC83F1 /* Release */ = {
			isa = XCBuildConfiguration;
			buildSettings = {
				ASSETCATALOG_COMPILER_APPICON_NAME = AppIcon;
				ASSETCATALOG_COMPILER_GLOBAL_ACCENT_COLOR_NAME = AccentColor;
				CODE_SIGN_STYLE = Automatic;
				CURRENT_PROJECT_VERSION = 1;
				DEVELOPMENT_TEAM = SL788Y2E33;
				GENERATE_INFOPLIST_FILE = YES;
				INFOPLIST_FILE = Register/Info.plist;
				INFOPLIST_KEY_UIApplicationSupportsIndirectInputEvents = YES;
				INFOPLIST_KEY_UILaunchStoryboardName = LaunchScreen;
				INFOPLIST_KEY_UIMainStoryboardFile = Main;
				INFOPLIST_KEY_UISupportedInterfaceOrientations_iPad = "UIInterfaceOrientationPortrait UIInterfaceOrientationPortraitUpsideDown UIInterfaceOrientationLandscapeLeft UIInterfaceOrientationLandscapeRight";
				INFOPLIST_KEY_UISupportedInterfaceOrientations_iPhone = "UIInterfaceOrientationPortrait UIInterfaceOrientationLandscapeLeft UIInterfaceOrientationLandscapeRight";
				LD_RUNPATH_SEARCH_PATHS = (
					"$(inherited)",
					"@executable_path/Frameworks",
				);
				MARKETING_VERSION = 1.0;
				PRODUCT_BUNDLE_IDENTIFIER = com.niceApps.SideTest.Register;
				PRODUCT_NAME = "$(TARGET_NAME)";
				SWIFT_EMIT_LOC_STRINGS = YES;
				SWIFT_VERSION = 5.0;
				TARGETED_DEVICE_FAMILY = "1,2";
			};
			name = Release;
		};
/* End XCBuildConfiguration section */

/* Begin XCConfigurationList section */
		78EEF2BD2A8F7E5500AC83F1 /* Build configuration list for PBXProject "Register" */ = {
			isa = XCConfigurationList;
			buildConfigurations = (
				78EEF2D42A8F7E5600AC83F1 /* Debug */,
				78EEF2D52A8F7E5600AC83F1 /* Release */,
			);
			defaultConfigurationIsVisible = 0;
			defaultConfigurationName = Release;
		};
		78EEF2D62A8F7E5600AC83F1 /* Build configuration list for PBXNativeTarget "Register" */ = {
			isa = XCConfigurationList;
			buildConfigurations = (
				78EEF2D72A8F7E5600AC83F1 /* Debug */,
				78EEF2D82A8F7E5600AC83F1 /* Release */,
			);
			defaultConfigurationIsVisible = 0;
			defaultConfigurationName = Release;
		};
/* End XCConfigurationList section */

/* Begin XCRemoteSwiftPackageReference section */
		780AA9AE2A94DFDD0003B151 /* XCRemoteSwiftPackageReference "AYPopupPickerView" */ = {
			isa = XCRemoteSwiftPackageReference;
			repositoryURL = "https://github.com/Aiur3908/AYPopupPickerView.git";
			requirement = {
				kind = upToNextMajorVersion;
				minimumVersion = 1.0.0;
			};
		};
/* End XCRemoteSwiftPackageReference section */

/* Begin XCSwiftPackageProductDependency section */
		780AA9AF2A94DFDD0003B151 /* AYPopupPickerView */ = {
			isa = XCSwiftPackageProductDependency;
			package = 780AA9AE2A94DFDD0003B151 /* XCRemoteSwiftPackageReference "AYPopupPickerView" */;
			productName = AYPopupPickerView;
		};
/* End XCSwiftPackageProductDependency section */
	};
	rootObject = 78EEF2BA2A8F7E5500AC83F1 /* Project object */;
}
